
Microsoft Visual Studio Solution File, Format Version 12.00
# Visual Studio Version 16
VisualStudioVersion = 16.0.31019.35
MinimumVisualStudioVersion = 10.0.40219.1
Project("{8BC9CEB8-8B4A-11D0-8D11-00A0C91BC942}") = "Client1", "Client1.vcxproj", "{FB3E05C1-A6E0-4194-9AD7-CADFB531A4C5}"
EndProject
Global
	GlobalSection(SolutionConfigurationPlatforms) = preSolution
		Debug|x64 = Debug|x64
		Debug|x86 = Debug|x86
		Release|x64 = Release|x64
		Release|x86 = Release|x86
	EndGlobalSection
	GlobalSection(ProjectConfigurationPlatforms) = postSolution
		{FB3E05C1-A6E0-4194-9AD7-CADFB531A4C5}.Debug|x64.ActiveCfg = Debug|x64
		{FB3E05C1-A6E0-4194-9AD7-CADFB531A4C5}.Debug|x64.Build.0 = Debug|x64
		{FB3E05C1-A6E0-4194-9AD7-CADFB531A4C5}.Debug|x86.ActiveCfg = Debug|Win32
		{FB3E05C1-A6E0-4194-9AD7-CADFB531A4C5}.Debug|x86.Build.0 = Debug|Win32
		{FB3E05C1-A6E0-4194-9AD7-CADFB531A4C5}.Release|x64.ActiveCfg = Release|x64
		{FB3E05C1-A6E0-4194-9AD7-CADFB531A4C5}.Release|x64.Build.0 = Release|x64
		{FB3E05C1-A6E0-4194-9AD7-CADFB531A4C5}.Release|x86.ActiveCfg = Release|Win32
		{FB3E05C1-A6E0-4194-9AD7-CADFB531A4C5}.Release|x86.Build.0 = Release|Win32
	EndGlobalSection
	GlobalSection(SolutionProperties) = preSolution
		HideSolutionNode = FALSE
	EndGlobalSection
	GlobalSection(ExtensibilityGlobals) = postSolution
		SolutionGuid = {FCA65D49-CED7-41E5-92A2-0ED9ED4D3BD6}
	EndGlobalSection
EndGlobal
